
Microsoft Visual Studio Solution File, Format Version 12.00
# Visual Studio Version 17
VisualStudioVersion = 17.11.35327.3
MinimumVisualStudioVersion = 10.0.40219.1
Project("{FAE04EC0-301F-11D3-BF4B-00C04F79EFBC}") = "SoftwareProject", "SoftwareProject\SoftwareProject.csproj", "{390D0502-057F-4DB9-B7CB-8EBDB4C7972C}"
EndProject
Global
	GlobalSection(SolutionConfigurationPlatforms) = preSolution
		Debug|Any CPU = Debug|Any CPU
		Release|Any CPU = Release|Any CPU
	EndGlobalSection
	GlobalSection(ProjectConfigurationPlatforms) = postSolution
		{390D0502-057F-4DB9-B7CB-8EBDB4C7972C}.Debug|Any CPU.ActiveCfg = Debug|Any CPU
		{390D0502-057F-4DB9-B7CB-8EBDB4C7972C}.Debug|Any CPU.Build.0 = Debug|Any CPU
		{390D0502-057F-4DB9-B7CB-8EBDB4C7972C}.Release|Any CPU.ActiveCfg = Release|Any CPU
		{390D0502-057F-4DB9-B7CB-8EBDB4C7972C}.Release|Any CPU.Build.0 = Release|Any CPU
	EndGlobalSection
	GlobalSection(SolutionProperties) = preSolution
		HideSolutionNode = FALSE
	EndGlobalSection
	GlobalSection(ExtensibilityGlobals) = postSolution
		SolutionGuid = {C1A6B716-13F8-4884-AB81-E627192FEC11}
	EndGlobalSection
EndGlobal
